// !$*UTF8*$!
{
	archiveVersion = 1;
	classes = {
	};
	objectVersion = 46;
	objects = {

/* Begin PBXBuildFile section */
		00AE422F184ECAD800D83FBB /* UIKit.framework in Frameworks */ = {isa = PBXBuildFile; fileRef = 00AE422E184ECAD800D83FBB /* UIKit.framework */; };
		00AE4231184ECAD800D83FBB /* Foundation.framework in Frameworks */ = {isa = PBXBuildFile; fileRef = 00AE4230184ECAD800D83FBB /* Foundation.framework */; };
		00AE4233184ECAD800D83FBB /* CoreGraphics.framework in Frameworks */ = {isa = PBXBuildFile; fileRef = 00AE4232184ECAD800D83FBB /* CoreGraphics.framework */; };
		00AE4239184ECAD800D83FBB /* InfoPlist.strings in Resources */ = {isa = PBXBuildFile; fileRef = 00AE4237184ECAD800D83FBB /* InfoPlist.strings */; };
		00AE423B184ECAD800D83FBB /* main.m in Sources */ = {isa = PBXBuildFile; fileRef = 00AE423A184ECAD800D83FBB /* main.m */; };
		00AE423F184ECAD800D83FBB /* BIDAppDelegate.m in Sources */ = {isa = PBXBuildFile; fileRef = 00AE423E184ECAD800D83FBB /* BIDAppDelegate.m */; };
		00AE4246184ECB2E00D83FBB /* MainStoryboard.storyboard in Resources */ = {isa = PBXBuildFile; fileRef = 00AE4245184ECB2E00D83FBB /* MainStoryboard.storyboard */; };
		00AE4249184ED23600D83FBB /* BIDTaskListController.m in Sources */ = {isa = PBXBuildFile; fileRef = 00AE4248184ED23600D83FBB /* BIDTaskListController.m */; };
		00AE424C184ED27D00D83FBB /* BIDTaskDetailController.m in Sources */ = {isa = PBXBuildFile; fileRef = 00AE424B184ED27D00D83FBB /* BIDTaskDetailController.m */; };
/* End PBXBuildFile section */

/* Begin PBXFileReference section */
		00AE422A184ECAD800D83FBB /* Seg Nav.app */ = {isa = PBXFileReference; explicitFileType = wrapper.application; includeInIndex = 0; path = "Seg Nav.app"; sourceTree = BUILT_PRODUCTS_DIR; };
		00AE422E184ECAD800D83FBB /* UIKit.framework */ = {isa = PBXFileReference; lastKnownFileType = wrapper.framework; name = UIKit.framework; path = System/Library/Frameworks/UIKit.framework; sourceTree = SDKROOT; };
		00AE4230184ECAD800D83FBB /* Foundation.framework */ = {isa = PBXFileReference; lastKnownFileType = wrapper.framework; name = Foundation.framework; path = System/Library/Frameworks/Foundation.framework; sourceTree = SDKROOT; };
		00AE4232184ECAD800D83FBB /* CoreGraphics.framework */ = {isa = PBXFileReference; lastKnownFileType = wrapper.framework; name = CoreGraphics.framework; path = System/Library/Frameworks/CoreGraphics.framework; sourceTree = SDKROOT; };
		00AE4236184ECAD800D83FBB /* Seg Nav-Info.plist */ = {isa = PBXFileReference; lastKnownFileType = text.plist.xml; path = "Seg Nav-Info.plist"; sourceTree = "<group>"; };
		00AE4238184ECAD800D83FBB /* en */ = {isa = PBXFileReference; lastKnownFileType = text.plist.strings; name = en; path = en.lproj/InfoPlist.strings; sourceTree = "<group>"; };
		00AE423A184ECAD800D83FBB /* main.m */ = {isa = PBXFileReference; lastKnownFileType = sourcecode.c.objc; path = main.m; sourceTree = "<group>"; };
		00AE423C184ECAD800D83FBB /* Seg Nav-Prefix.pch */ = {isa = PBXFileReference; lastKnownFileType = sourcecode.c.h; path = "Seg Nav-Prefix.pch"; sourceTree = "<group>"; };
		00AE423D184ECAD800D83FBB /* BIDAppDelegate.h */ = {isa = PBXFileReference; lastKnownFileType = sourcecode.c.h; path = BIDAppDelegate.h; sourceTree = "<group>"; };
		00AE423E184ECAD800D83FBB /* BIDAppDelegate.m */ = {isa = PBXFileReference; lastKnownFileType = sourcecode.c.objc; path = BIDAppDelegate.m; sourceTree = "<group>"; };
		00AE4245184ECB2E00D83FBB /* MainStoryboard.storyboard */ = {isa = PBXFileReference; fileEncoding = 4; lastKnownFileType = file.storyboard; path = MainStoryboard.storyboard; sourceTree = "<group>"; };
		00AE4247184ED23600D83FBB /* BIDTaskListController.h */ = {isa = PBXFileReference; fileEncoding = 4; lastKnownFileType = sourcecode.c.h; path = BIDTaskListController.h; sourceTree = "<group>"; };
		00AE4248184ED23600D83FBB /* BIDTaskListController.m */ = {isa = PBXFileReference; fileEncoding = 4; lastKnownFileType = sourcecode.c.objc; path = BIDTaskListController.m; sourceTree = "<group>"; };
		00AE424A184ED27D00D83FBB /* BIDTaskDetailController.h */ = {isa = PBXFileReference; fileEncoding = 4; lastKnownFileType = sourcecode.c.h; path = BIDTaskDetailController.h; sourceTree = "<group>"; };
		00AE424B184ED27D00D83FBB /* BIDTaskDetailController.m */ = {isa = PBXFileReference; fileEncoding = 4; lastKnownFileType = sourcecode.c.objc; path = BIDTaskDetailController.m; sourceTree = "<group>"; };
/* End PBXFileReference section */

/* Begin PBXFrameworksBuildPhase section */
		00AE4227184ECAD800D83FBB /* Frameworks */ = {
			isa = PBXFrameworksBuildPhase;
			buildActionMask = 2147483647;
			files = (
				00AE422F184ECAD800D83FBB /* UIKit.framework in Frameworks */,
				00AE4231184ECAD800D83FBB /* Foundation.framework in Frameworks */,
				00AE4233184ECAD800D83FBB /* CoreGraphics.framework in Frameworks */,
			);
			runOnlyForDeploymentPostprocessing = 0;
		};
/* End PBXFrameworksBuildPhase section */

/* Begin PBXGroup section */
		00AE421F184ECAD800D83FBB = {
			isa = PBXGroup;
			children = (
				00AE4234184ECAD800D83FBB /* Seg Nav */,
				00AE422D184ECAD800D83FBB /* Frameworks */,
				00AE422B184ECAD800D83FBB /* Products */,
			);
			sourceTree = "<group>";
		};
		00AE422B184ECAD800D83FBB /* Products */ = {
			isa = PBXGroup;
			children = (
				00AE422A184ECAD800D83FBB /* Seg Nav.app */,
			);
			name = Products;
			sourceTree = "<group>";
		};
		00AE422D184ECAD800D83FBB /* Frameworks */ = {
			isa = PBXGroup;
			children = (
				00AE422E184ECAD800D83FBB /* UIKit.framework */,
				00AE4230184ECAD800D83FBB /* Foundation.framework */,
				00AE4232184ECAD800D83FBB /* CoreGraphics.framework */,
			);
			name = Frameworks;
			sourceTree = "<group>";
		};
		00AE4234184ECAD800D83FBB /* Seg Nav */ = {
			isa = PBXGroup;
			children = (
				00AE4247184ED23600D83FBB /* BIDTaskListController.h */,
				00AE4248184ED23600D83FBB /* BIDTaskListController.m */,
				00AE423D184ECAD800D83FBB /* BIDAppDelegate.h */,
				00AE423E184ECAD800D83FBB /* BIDAppDelegate.m */,
				00AE4235184ECAD800D83FBB /* Supporting Files */,
				00AE4245184ECB2E00D83FBB /* MainStoryboard.storyboard */,
				00AE424A184ED27D00D83FBB /* BIDTaskDetailController.h */,
				00AE424B184ED27D00D83FBB /* BIDTaskDetailController.m */,
			);
			path = "Seg Nav";
			sourceTree = "<group>";
		};
		00AE4235184ECAD800D83FBB /* Supporting Files */ = {
			isa = PBXGroup;
			children = (
				00AE4236184ECAD800D83FBB /* Seg Nav-Info.plist */,
				00AE4237184ECAD800D83FBB /* InfoPlist.strings */,
				00AE423A184ECAD800D83FBB /* main.m */,
				00AE423C184ECAD800D83FBB /* Seg Nav-Prefix.pch */,
			);
			name = "Supporting Files";
			sourceTree = "<group>";
		};
/* End PBXGroup section */

/* Begin PBXNativeTarget section */
		00AE4229184ECAD800D83FBB /* Seg Nav */ = {
			isa = PBXNativeTarget;
			buildConfigurationList = 00AE4242184ECAD800D83FBB /* Build configuration list for PBXNativeTarget "Seg Nav" */;
			buildPhases = (
				00AE4226184ECAD800D83FBB /* Sources */,
				00AE4227184ECAD800D83FBB /* Frameworks */,
				00AE4228184ECAD800D83FBB /* Resources */,
			);
			buildRules = (
			);
			dependencies = (
			);
			name = "Seg Nav";
			productName = "Seg Nav";
			productReference = 00AE422A184ECAD800D83FBB /* Seg Nav.app */;
			productType = "com.apple.product-type.application";
		};
/* End PBXNativeTarget section */

/* Begin PBXProject section */
		00AE4221184ECAD800D83FBB /* Project object */ = {
			isa = PBXProject;
			attributes = {
				LastUpgradeCheck = 0420;
			};
			buildConfigurationList = 00AE4224184ECAD800D83FBB /* Build configuration list for PBXProject "Seg Nav" */;
			compatibilityVersion = "Xcode 3.2";
			developmentRegion = English;
			hasScannedForEncodings = 0;
			knownRegions = (
				en,
			);
			mainGroup = 00AE421F184ECAD800D83FBB;
			productRefGroup = 00AE422B184ECAD800D83FBB /* Products */;
			projectDirPath = "";
			projectRoot = "";
			targets = (
				00AE4229184ECAD800D83FBB /* Seg Nav */,
			);
		};
/* End PBXProject section */

/* Begin PBXResourcesBuildPhase section */
		00AE4228184ECAD800D83FBB /* Resources */ = {
			isa = PBXResourcesBuildPhase;
			buildActionMask = 2147483647;
			files = (
				00AE4239184ECAD800D83FBB /* InfoPlist.strings in Resources */,
				00AE4246184ECB2E00D83FBB /* MainStoryboard.storyboard in Resources */,
			);
			runOnlyForDeploymentPostprocessing = 0;
		};
/* End PBXResourcesBuildPhase section */

/* Begin PBXSourcesBuildPhase section */
		00AE4226184ECAD800D83FBB /* Sources */ = {
			isa = PBXSourcesBuildPhase;
			buildActionMask = 2147483647;
			files = (
				00AE423B184ECAD800D83FBB /* main.m in Sources */,
				00AE423F184ECAD800D83FBB /* BIDAppDelegate.m in Sources */,
				00AE4249184ED23600D83FBB /* BIDTaskListController.m in Sources */,
				00AE424C184ED27D00D83FBB /* BIDTaskDetailController.m in Sources */,
			);
			runOnlyForDeploymentPostprocessing = 0;
		};
/* End PBXSourcesBuildPhase section */

/* Begin PBXVariantGroup section */
		00AE4237184ECAD800D83FBB /* InfoPlist.strings */ = {
			isa = PBXVariantGroup;
			children = (
				00AE4238184ECAD800D83FBB /* en */,
			);
			name = InfoPlist.strings;
			sourceTree = "<group>";
		};
/* End PBXVariantGroup section */

/* Begin XCBuildConfiguration section */
		00AE4240184ECAD800D83FBB /* Debug */ = {
			isa = XCBuildConfiguration;
			buildSettings = {
				ALWAYS_SEARCH_USER_PATHS = NO;
				ARCHS = "$(ARCHS_STANDARD_32_BIT)";
				CLANG_ENABLE_OBJC_ARC = YES;
				"CODE_SIGN_IDENTITY[sdk=iphoneos*]" = "iPhone Developer";
				COPY_PHASE_STRIP = NO;
				GCC_C_LANGUAGE_STANDARD = gnu99;
				GCC_DYNAMIC_NO_PIC = NO;
				GCC_OPTIMIZATION_LEVEL = 0;
				GCC_PREPROCESSOR_DEFINITIONS = (
					"DEBUG=1",
					"$(inherited)",
				);
				GCC_SYMBOLS_PRIVATE_EXTERN = NO;
				GCC_VERSION = com.apple.compilers.llvm.clang.1_0;
				GCC_WARN_ABOUT_MISSING_PROTOTYPES = YES;
				GCC_WARN_ABOUT_RETURN_TYPE = YES;
				GCC_WARN_UNUSED_VARIABLE = YES;
				IPHONEOS_DEPLOYMENT_TARGET = 5.0;
				SDKROOT = iphoneos;
			};
			name = Debug;
		};
		00AE4241184ECAD800D83FBB /* Release */ = {
			isa = XCBuildConfiguration;
			buildSettings = {
				ALWAYS_SEARCH_USER_PATHS = NO;
				ARCHS = "$(ARCHS_STANDARD_32_BIT)";
				CLANG_ENABLE_OBJC_ARC = YES;
				"CODE_SIGN_IDENTITY[sdk=iphoneos*]" = "iPhone Developer";
				COPY_PHASE_STRIP = YES;
				GCC_C_LANGUAGE_STANDARD = gnu99;
				GCC_VERSION = com.apple.compilers.llvm.clang.1_0;
				GCC_WARN_ABOUT_MISSING_PROTOTYPES = YES;
				GCC_WARN_ABOUT_RETURN_TYPE = YES;
				GCC_WARN_UNUSED_VARIABLE = YES;
				IPHONEOS_DEPLOYMENT_TARGET = 5.0;
				OTHER_CFLAGS = "-DNS_BLOCK_ASSERTIONS=1";
				SDKROOT = iphoneos;
				VALIDATE_PRODUCT = YES;
			};
			name = Release;
		};
		00AE4243184ECAD800D83FBB /* Debug */ = {
			isa = XCBuildConfiguration;
			buildSettings = {
				GCC_PRECOMPILE_PREFIX_HEADER = YES;
				GCC_PREFIX_HEADER = "Seg Nav/Seg Nav-Prefix.pch";
				INFOPLIST_FILE = "Seg Nav/Seg Nav-Info.plist";
				PRODUCT_NAME = "$(TARGET_NAME)";
				WRAPPER_EXTENSION = app;
			};
			name = Debug;
		};
		00AE4244184ECAD800D83FBB /* Release */ = {
			isa = XCBuildConfiguration;
			buildSettings = {
				GCC_PRECOMPILE_PREFIX_HEADER = YES;
				GCC_PREFIX_HEADER = "Seg Nav/Seg Nav-Prefix.pch";
				INFOPLIST_FILE = "Seg Nav/Seg Nav-Info.plist";
				PRODUCT_NAME = "$(TARGET_NAME)";
				WRAPPER_EXTENSION = app;
			};
			name = Release;
		};
/* End XCBuildConfiguration section */

/* Begin XCConfigurationList section */
		00AE4224184ECAD800D83FBB /* Build configuration list for PBXProject "Seg Nav" */ = {
			isa = XCConfigurationList;
			buildConfigurations = (
				00AE4240184ECAD800D83FBB /* Debug */,
				00AE4241184ECAD800D83FBB /* Release */,
			);
			defaultConfigurationIsVisible = 0;
			defaultConfigurationName = Release;
		};
		00AE4242184ECAD800D83FBB /* Build configuration list for PBXNativeTarget "Seg Nav" */ = {
			isa = XCConfigurationList;
			buildConfigurations = (
				00AE4243184ECAD800D83FBB /* Debug */,
				00AE4244184ECAD800D83FBB /* Release */,
			);
			defaultConfigurationIsVisible = 0;
		};
/* End XCConfigurationList section */
	};
	rootObject = 00AE4221184ECAD800D83FBB /* Project object */;
}
